// !$*UTF8*$!
{
	archiveVersion = 1;
	classes = {
	};
	objectVersion = 56;
	objects = {

/* Begin PBXBuildFile section */
		378E8F812C753015007628D1 /* WidgetKit.framework in Frameworks */ = {isa = PBXBuildFile; fileRef = 378E8F802C753015007628D1 /* WidgetKit.framework */; };
		378E8F832C753015007628D1 /* SwiftUI.framework in Frameworks */ = {isa = PBXBuildFile; fileRef = 378E8F822C753015007628D1 /* SwiftUI.framework */; };
		378E8F862C753015007628D1 /* WidgetsBundle.swift in Sources */ = {isa = PBXBuildFile; fileRef = 378E8F852C753015007628D1 /* WidgetsBundle.swift */; };
		378E8F8A2C753016007628D1 /* Assets.xcassets in Resources */ = {isa = PBXBuildFile; fileRef = 378E8F892C753016007628D1 /* Assets.xcassets */; };
		378E8F8E2C753016007628D1 /* WidgetsExtension.appex in Embed Foundation Extensions */ = {isa = PBXBuildFile; fileRef = 378E8F7E2C753015007628D1 /* WidgetsExtension.appex */; settings = {ATTRIBUTES = (RemoveHeadersOnCopy, ); }; };
		378E8F952C753060007628D1 /* ClockTimeTableWidget.swift in Sources */ = {isa = PBXBuildFile; fileRef = 378E8F942C753060007628D1 /* ClockTimeTableWidget.swift */; };
		378E8F972C763A05007628D1 /* ClockTimeTableWidgetEntry.swift in Sources */ = {isa = PBXBuildFile; fileRef = 378E8F962C763A05007628D1 /* ClockTimeTableWidgetEntry.swift */; };
		378E8F992C763A15007628D1 /* ClockTimeTableWidgetEntryView.swift in Sources */ = {isa = PBXBuildFile; fileRef = 378E8F982C763A15007628D1 /* ClockTimeTableWidgetEntryView.swift */; };
		378E8F9B2C763A25007628D1 /* ClockTimeTableWidgetProvider.swift in Sources */ = {isa = PBXBuildFile; fileRef = 378E8F9A2C763A25007628D1 /* ClockTimeTableWidgetProvider.swift */; };
		37FF17392C7644CC001D7A6E /* SmallEntryView.swift in Sources */ = {isa = PBXBuildFile; fileRef = 37FF17382C7644CC001D7A6E /* SmallEntryView.swift */; };
		37FF173B2C7647A3001D7A6E /* MediumEntryView.swift in Sources */ = {isa = PBXBuildFile; fileRef = 37FF173A2C7647A3001D7A6E /* MediumEntryView.swift */; };
		37FF173D2C7647B5001D7A6E /* LargeEntryView.swift in Sources */ = {isa = PBXBuildFile; fileRef = 37FF173C2C7647B5001D7A6E /* LargeEntryView.swift */; };
		72807AAE2C74B53500E35FE6 /* kronosApp.swift in Sources */ = {isa = PBXBuildFile; fileRef = 72807AAD2C74B53500E35FE6 /* kronosApp.swift */; };
		72807AB02C74B53500E35FE6 /* ContentView.swift in Sources */ = {isa = PBXBuildFile; fileRef = 72807AAF2C74B53500E35FE6 /* ContentView.swift */; };
		72807AB22C74B53500E35FE6 /* Item.swift in Sources */ = {isa = PBXBuildFile; fileRef = 72807AB12C74B53500E35FE6 /* Item.swift */; };
		72807AB42C74B53600E35FE6 /* Assets.xcassets in Resources */ = {isa = PBXBuildFile; fileRef = 72807AB32C74B53600E35FE6 /* Assets.xcassets */; };
		72807AB72C74B53600E35FE6 /* Preview Assets.xcassets in Resources */ = {isa = PBXBuildFile; fileRef = 72807AB62C74B53600E35FE6 /* Preview Assets.xcassets */; };
		72807AC12C74B53700E35FE6 /* kronosTests.swift in Sources */ = {isa = PBXBuildFile; fileRef = 72807AC02C74B53700E35FE6 /* kronosTests.swift */; };
		72807ACB2C74B53700E35FE6 /* kronosUITests.swift in Sources */ = {isa = PBXBuildFile; fileRef = 72807ACA2C74B53700E35FE6 /* kronosUITests.swift */; };
		72807ACD2C74B53700E35FE6 /* kronosUITestsLaunchTests.swift in Sources */ = {isa = PBXBuildFile; fileRef = 72807ACC2C74B53700E35FE6 /* kronosUITestsLaunchTests.swift */; };
/* End PBXBuildFile section */

/* Begin PBXContainerItemProxy section */
		378E8F8C2C753016007628D1 /* PBXContainerItemProxy */ = {
			isa = PBXContainerItemProxy;
			containerPortal = 72807AA22C74B53500E35FE6 /* Project object */;
			proxyType = 1;
			remoteGlobalIDString = 378E8F7D2C753015007628D1;
			remoteInfo = WidgetsExtension;
		};
		72807ABD2C74B53700E35FE6 /* PBXContainerItemProxy */ = {
			isa = PBXContainerItemProxy;
			containerPortal = 72807AA22C74B53500E35FE6 /* Project object */;
			proxyType = 1;
			remoteGlobalIDString = 72807AA92C74B53500E35FE6;
			remoteInfo = kronos;
		};
		72807AC72C74B53700E35FE6 /* PBXContainerItemProxy */ = {
			isa = PBXContainerItemProxy;
			containerPortal = 72807AA22C74B53500E35FE6 /* Project object */;
			proxyType = 1;
			remoteGlobalIDString = 72807AA92C74B53500E35FE6;
			remoteInfo = kronos;
		};
/* End PBXContainerItemProxy section */

/* Begin PBXCopyFilesBuildPhase section */
		378E8F8F2C753016007628D1 /* Embed Foundation Extensions */ = {
			isa = PBXCopyFilesBuildPhase;
			buildActionMask = 2147483647;
			dstPath = "";
			dstSubfolderSpec = 13;
			files = (
				378E8F8E2C753016007628D1 /* WidgetsExtension.appex in Embed Foundation Extensions */,
			);
			name = "Embed Foundation Extensions";
			runOnlyForDeploymentPostprocessing = 0;
		};
/* End PBXCopyFilesBuildPhase section */

/* Begin PBXFileReference section */
		378E8F7E2C753015007628D1 /* WidgetsExtension.appex */ = {isa = PBXFileReference; explicitFileType = "wrapper.app-extension"; includeInIndex = 0; path = WidgetsExtension.appex; sourceTree = BUILT_PRODUCTS_DIR; };
		378E8F802C753015007628D1 /* WidgetKit.framework */ = {isa = PBXFileReference; lastKnownFileType = wrapper.framework; name = WidgetKit.framework; path = System/Library/Frameworks/WidgetKit.framework; sourceTree = SDKROOT; };
		378E8F822C753015007628D1 /* SwiftUI.framework */ = {isa = PBXFileReference; lastKnownFileType = wrapper.framework; name = SwiftUI.framework; path = System/Library/Frameworks/SwiftUI.framework; sourceTree = SDKROOT; };
		378E8F852C753015007628D1 /* WidgetsBundle.swift */ = {isa = PBXFileReference; lastKnownFileType = sourcecode.swift; path = WidgetsBundle.swift; sourceTree = "<group>"; };
		378E8F892C753016007628D1 /* Assets.xcassets */ = {isa = PBXFileReference; lastKnownFileType = folder.assetcatalog; path = Assets.xcassets; sourceTree = "<group>"; };
		378E8F8B2C753016007628D1 /* Info.plist */ = {isa = PBXFileReference; lastKnownFileType = text.plist.xml; path = Info.plist; sourceTree = "<group>"; };
		378E8F942C753060007628D1 /* ClockTimeTableWidget.swift */ = {isa = PBXFileReference; lastKnownFileType = sourcecode.swift; path = ClockTimeTableWidget.swift; sourceTree = "<group>"; };
		378E8F962C763A05007628D1 /* ClockTimeTableWidgetEntry.swift */ = {isa = PBXFileReference; lastKnownFileType = sourcecode.swift; path = ClockTimeTableWidgetEntry.swift; sourceTree = "<group>"; };
		378E8F982C763A15007628D1 /* ClockTimeTableWidgetEntryView.swift */ = {isa = PBXFileReference; lastKnownFileType = sourcecode.swift; path = ClockTimeTableWidgetEntryView.swift; sourceTree = "<group>"; };
		378E8F9A2C763A25007628D1 /* ClockTimeTableWidgetProvider.swift */ = {isa = PBXFileReference; lastKnownFileType = sourcecode.swift; path = ClockTimeTableWidgetProvider.swift; sourceTree = "<group>"; };
		37FF17382C7644CC001D7A6E /* SmallEntryView.swift */ = {isa = PBXFileReference; lastKnownFileType = sourcecode.swift; path = SmallEntryView.swift; sourceTree = "<group>"; };
		37FF173A2C7647A3001D7A6E /* MediumEntryView.swift */ = {isa = PBXFileReference; lastKnownFileType = sourcecode.swift; path = MediumEntryView.swift; sourceTree = "<group>"; };
		37FF173C2C7647B5001D7A6E /* LargeEntryView.swift */ = {isa = PBXFileReference; lastKnownFileType = sourcecode.swift; path = LargeEntryView.swift; sourceTree = "<group>"; };
		72807AAA2C74B53500E35FE6 /* kronos.app */ = {isa = PBXFileReference; explicitFileType = wrapper.application; includeInIndex = 0; path = kronos.app; sourceTree = BUILT_PRODUCTS_DIR; };
		72807AAD2C74B53500E35FE6 /* kronosApp.swift */ = {isa = PBXFileReference; lastKnownFileType = sourcecode.swift; path = kronosApp.swift; sourceTree = "<group>"; };
		72807AAF2C74B53500E35FE6 /* ContentView.swift */ = {isa = PBXFileReference; lastKnownFileType = sourcecode.swift; path = ContentView.swift; sourceTree = "<group>"; };
		72807AB12C74B53500E35FE6 /* Item.swift */ = {isa = PBXFileReference; lastKnownFileType = sourcecode.swift; path = Item.swift; sourceTree = "<group>"; };
		72807AB32C74B53600E35FE6 /* Assets.xcassets */ = {isa = PBXFileReference; lastKnownFileType = folder.assetcatalog; path = Assets.xcassets; sourceTree = "<group>"; };
		72807AB62C74B53600E35FE6 /* Preview Assets.xcassets */ = {isa = PBXFileReference; lastKnownFileType = folder.assetcatalog; path = "Preview Assets.xcassets"; sourceTree = "<group>"; };
		72807ABC2C74B53700E35FE6 /* kronosTests.xctest */ = {isa = PBXFileReference; explicitFileType = wrapper.cfbundle; includeInIndex = 0; path = kronosTests.xctest; sourceTree = BUILT_PRODUCTS_DIR; };
		72807AC02C74B53700E35FE6 /* kronosTests.swift */ = {isa = PBXFileReference; lastKnownFileType = sourcecode.swift; path = kronosTests.swift; sourceTree = "<group>"; };
		72807AC62C74B53700E35FE6 /* kronosUITests.xctest */ = {isa = PBXFileReference; explicitFileType = wrapper.cfbundle; includeInIndex = 0; path = kronosUITests.xctest; sourceTree = BUILT_PRODUCTS_DIR; };
		72807ACA2C74B53700E35FE6 /* kronosUITests.swift */ = {isa = PBXFileReference; lastKnownFileType = sourcecode.swift; path = kronosUITests.swift; sourceTree = "<group>"; };
		72807ACC2C74B53700E35FE6 /* kronosUITestsLaunchTests.swift */ = {isa = PBXFileReference; lastKnownFileType = sourcecode.swift; path = kronosUITestsLaunchTests.swift; sourceTree = "<group>"; };
/* End PBXFileReference section */

/* Begin PBXFrameworksBuildPhase section */
		378E8F7B2C753015007628D1 /* Frameworks */ = {
			isa = PBXFrameworksBuildPhase;
			buildActionMask = 2147483647;
			files = (
				378E8F832C753015007628D1 /* SwiftUI.framework in Frameworks */,
				378E8F812C753015007628D1 /* WidgetKit.framework in Frameworks */,
			);
			runOnlyForDeploymentPostprocessing = 0;
		};
		72807AA72C74B53500E35FE6 /* Frameworks */ = {
			isa = PBXFrameworksBuildPhase;
			buildActionMask = 2147483647;
			files = (
			);
			runOnlyForDeploymentPostprocessing = 0;
		};
		72807AB92C74B53700E35FE6 /* Frameworks */ = {
			isa = PBXFrameworksBuildPhase;
			buildActionMask = 2147483647;
			files = (
			);
			runOnlyForDeploymentPostprocessing = 0;
		};
		72807AC32C74B53700E35FE6 /* Frameworks */ = {
			isa = PBXFrameworksBuildPhase;
			buildActionMask = 2147483647;
			files = (
			);
			runOnlyForDeploymentPostprocessing = 0;
		};
/* End PBXFrameworksBuildPhase section */

/* Begin PBXGroup section */
		378E8F7F2C753015007628D1 /* Frameworks */ = {
			isa = PBXGroup;
			children = (
				378E8F802C753015007628D1 /* WidgetKit.framework */,
				378E8F822C753015007628D1 /* SwiftUI.framework */,
			);
			name = Frameworks;
			sourceTree = "<group>";
		};
		378E8F842C753015007628D1 /* Widgets */ = {
			isa = PBXGroup;
			children = (
				378E8F932C75301C007628D1 /* ClockTimeTableWidget */,
				378E8F852C753015007628D1 /* WidgetsBundle.swift */,
				378E8F892C753016007628D1 /* Assets.xcassets */,
				378E8F8B2C753016007628D1 /* Info.plist */,
			);
			path = Widgets;
			sourceTree = "<group>";
		};
		378E8F932C75301C007628D1 /* ClockTimeTableWidget */ = {
			isa = PBXGroup;
			children = (
				37FF17372C76449F001D7A6E /* EntryView */,
				378E8F942C753060007628D1 /* ClockTimeTableWidget.swift */,
				378E8F962C763A05007628D1 /* ClockTimeTableWidgetEntry.swift */,
				378E8F9A2C763A25007628D1 /* ClockTimeTableWidgetProvider.swift */,
			);
			path = ClockTimeTableWidget;
			sourceTree = "<group>";
		};
		37FF17372C76449F001D7A6E /* EntryView */ = {
			isa = PBXGroup;
			children = (
				378E8F982C763A15007628D1 /* ClockTimeTableWidgetEntryView.swift */,
				37FF17382C7644CC001D7A6E /* SmallEntryView.swift */,
				37FF173A2C7647A3001D7A6E /* MediumEntryView.swift */,
				37FF173C2C7647B5001D7A6E /* LargeEntryView.swift */,
			);
			path = EntryView;
			sourceTree = "<group>";
		};
		72807AA12C74B53500E35FE6 = {
			isa = PBXGroup;
			children = (
				72807AAC2C74B53500E35FE6 /* kronos */,
				72807ABF2C74B53700E35FE6 /* kronosTests */,
				72807AC92C74B53700E35FE6 /* kronosUITests */,
				378E8F842C753015007628D1 /* Widgets */,
				378E8F7F2C753015007628D1 /* Frameworks */,
				72807AAB2C74B53500E35FE6 /* Products */,
			);
			sourceTree = "<group>";
		};
		72807AAB2C74B53500E35FE6 /* Products */ = {
			isa = PBXGroup;
			children = (
				72807AAA2C74B53500E35FE6 /* kronos.app */,
				72807ABC2C74B53700E35FE6 /* kronosTests.xctest */,
				72807AC62C74B53700E35FE6 /* kronosUITests.xctest */,
				378E8F7E2C753015007628D1 /* WidgetsExtension.appex */,
			);
			name = Products;
			sourceTree = "<group>";
		};
		72807AAC2C74B53500E35FE6 /* kronos */ = {
			isa = PBXGroup;
			children = (
				72807AAD2C74B53500E35FE6 /* kronosApp.swift */,
				72807AAF2C74B53500E35FE6 /* ContentView.swift */,
				72807AB12C74B53500E35FE6 /* Item.swift */,
				72807AB32C74B53600E35FE6 /* Assets.xcassets */,
				72807AB52C74B53600E35FE6 /* Preview Content */,
			);
			path = kronos;
			sourceTree = "<group>";
		};
		72807AB52C74B53600E35FE6 /* Preview Content */ = {
			isa = PBXGroup;
			children = (
				72807AB62C74B53600E35FE6 /* Preview Assets.xcassets */,
			);
			path = "Preview Content";
			sourceTree = "<group>";
		};
		72807ABF2C74B53700E35FE6 /* kronosTests */ = {
			isa = PBXGroup;
			children = (
				72807AC02C74B53700E35FE6 /* kronosTests.swift */,
			);
			path = kronosTests;
			sourceTree = "<group>";
		};
		72807AC92C74B53700E35FE6 /* kronosUITests */ = {
			isa = PBXGroup;
			children = (
				72807ACA2C74B53700E35FE6 /* kronosUITests.swift */,
				72807ACC2C74B53700E35FE6 /* kronosUITestsLaunchTests.swift */,
			);
			path = kronosUITests;
			sourceTree = "<group>";
		};
/* End PBXGroup section */

/* Begin PBXNativeTarget section */
		378E8F7D2C753015007628D1 /* WidgetsExtension */ = {
			isa = PBXNativeTarget;
			buildConfigurationList = 378E8F922C753016007628D1 /* Build configuration list for PBXNativeTarget "WidgetsExtension" */;
			buildPhases = (
				378E8F7A2C753015007628D1 /* Sources */,
				378E8F7B2C753015007628D1 /* Frameworks */,
				378E8F7C2C753015007628D1 /* Resources */,
			);
			buildRules = (
			);
			dependencies = (
			);
			name = WidgetsExtension;
			productName = WidgetsExtension;
			productReference = 378E8F7E2C753015007628D1 /* WidgetsExtension.appex */;
			productType = "com.apple.product-type.app-extension";
		};
		72807AA92C74B53500E35FE6 /* kronos */ = {
			isa = PBXNativeTarget;
			buildConfigurationList = 72807AD02C74B53700E35FE6 /* Build configuration list for PBXNativeTarget "kronos" */;
			buildPhases = (
				72807AA62C74B53500E35FE6 /* Sources */,
				72807AA72C74B53500E35FE6 /* Frameworks */,
				72807AA82C74B53500E35FE6 /* Resources */,
				378E8F8F2C753016007628D1 /* Embed Foundation Extensions */,
			);
			buildRules = (
			);
			dependencies = (
				378E8F8D2C753016007628D1 /* PBXTargetDependency */,
			);
			name = kronos;
			productName = kronos;
			productReference = 72807AAA2C74B53500E35FE6 /* kronos.app */;
			productType = "com.apple.product-type.application";
		};
		72807ABB2C74B53700E35FE6 /* kronosTests */ = {
			isa = PBXNativeTarget;
			buildConfigurationList = 72807AD32C74B53700E35FE6 /* Build configuration list for PBXNativeTarget "kronosTests" */;
			buildPhases = (
				72807AB82C74B53700E35FE6 /* Sources */,
				72807AB92C74B53700E35FE6 /* Frameworks */,
				72807ABA2C74B53700E35FE6 /* Resources */,
			);
			buildRules = (
			);
			dependencies = (
				72807ABE2C74B53700E35FE6 /* PBXTargetDependency */,
			);
			name = kronosTests;
			productName = kronosTests;
			productReference = 72807ABC2C74B53700E35FE6 /* kronosTests.xctest */;
			productType = "com.apple.product-type.bundle.unit-test";
		};
		72807AC52C74B53700E35FE6 /* kronosUITests */ = {
			isa = PBXNativeTarget;
			buildConfigurationList = 72807AD62C74B53700E35FE6 /* Build configuration list for PBXNativeTarget "kronosUITests" */;
			buildPhases = (
				72807AC22C74B53700E35FE6 /* Sources */,
				72807AC32C74B53700E35FE6 /* Frameworks */,
				72807AC42C74B53700E35FE6 /* Resources */,
			);
			buildRules = (
			);
			dependencies = (
				72807AC82C74B53700E35FE6 /* PBXTargetDependency */,
			);
			name = kronosUITests;
			productName = kronosUITests;
			productReference = 72807AC62C74B53700E35FE6 /* kronosUITests.xctest */;
			productType = "com.apple.product-type.bundle.ui-testing";
		};
/* End PBXNativeTarget section */

/* Begin PBXProject section */
		72807AA22C74B53500E35FE6 /* Project object */ = {
			isa = PBXProject;
			attributes = {
				BuildIndependentTargetsInParallel = 1;
				LastSwiftUpdateCheck = 1540;
				LastUpgradeCheck = 1540;
				TargetAttributes = {
					378E8F7D2C753015007628D1 = {
						CreatedOnToolsVersion = 15.4;
					};
					72807AA92C74B53500E35FE6 = {
						CreatedOnToolsVersion = 15.4;
					};
					72807ABB2C74B53700E35FE6 = {
						CreatedOnToolsVersion = 15.4;
						TestTargetID = 72807AA92C74B53500E35FE6;
					};
					72807AC52C74B53700E35FE6 = {
						CreatedOnToolsVersion = 15.4;
						TestTargetID = 72807AA92C74B53500E35FE6;
					};
				};
			};
			buildConfigurationList = 72807AA52C74B53500E35FE6 /* Build configuration list for PBXProject "kronos" */;
			compatibilityVersion = "Xcode 14.0";
			developmentRegion = en;
			hasScannedForEncodings = 0;
			knownRegions = (
				en,
				Base,
			);
			mainGroup = 72807AA12C74B53500E35FE6;
			productRefGroup = 72807AAB2C74B53500E35FE6 /* Products */;
			projectDirPath = "";
			projectRoot = "";
			targets = (
				72807AA92C74B53500E35FE6 /* kronos */,
				72807ABB2C74B53700E35FE6 /* kronosTests */,
				72807AC52C74B53700E35FE6 /* kronosUITests */,
				378E8F7D2C753015007628D1 /* WidgetsExtension */,
			);
		};
/* End PBXProject section */

/* Begin PBXResourcesBuildPhase section */
		378E8F7C2C753015007628D1 /* Resources */ = {
			isa = PBXResourcesBuildPhase;
			buildActionMask = 2147483647;
			files = (
				378E8F8A2C753016007628D1 /* Assets.xcassets in Resources */,
			);
			runOnlyForDeploymentPostprocessing = 0;
		};
		72807AA82C74B53500E35FE6 /* Resources */ = {
			isa = PBXResourcesBuildPhase;
			buildActionMask = 2147483647;
			files = (
				72807AB72C74B53600E35FE6 /* Preview Assets.xcassets in Resources */,
				72807AB42C74B53600E35FE6 /* Assets.xcassets in Resources */,
			);
			runOnlyForDeploymentPostprocessing = 0;
		};
		72807ABA2C74B53700E35FE6 /* Resources */ = {
			isa = PBXResourcesBuildPhase;
			buildActionMask = 2147483647;
			files = (
			);
			runOnlyForDeploymentPostprocessing = 0;
		};
		72807AC42C74B53700E35FE6 /* Resources */ = {
			isa = PBXResourcesBuildPhase;
			buildActionMask = 2147483647;
			files = (
			);
			runOnlyForDeploymentPostprocessing = 0;
		};
/* End PBXResourcesBuildPhase section */

/* Begin PBXSourcesBuildPhase section */
		378E8F7A2C753015007628D1 /* Sources */ = {
			isa = PBXSourcesBuildPhase;
			buildActionMask = 2147483647;
			files = (
				378E8F992C763A15007628D1 /* ClockTimeTableWidgetEntryView.swift in Sources */,
				378E8F862C753015007628D1 /* WidgetsBundle.swift in Sources */,
				378E8F952C753060007628D1 /* ClockTimeTableWidget.swift in Sources */,
				37FF17392C7644CC001D7A6E /* SmallEntryView.swift in Sources */,
				378E8F972C763A05007628D1 /* ClockTimeTableWidgetEntry.swift in Sources */,
				378E8F9B2C763A25007628D1 /* ClockTimeTableWidgetProvider.swift in Sources */,
				37FF173B2C7647A3001D7A6E /* MediumEntryView.swift in Sources */,
				37FF173D2C7647B5001D7A6E /* LargeEntryView.swift in Sources */,
			);
			runOnlyForDeploymentPostprocessing = 0;
		};
		72807AA62C74B53500E35FE6 /* Sources */ = {
			isa = PBXSourcesBuildPhase;
			buildActionMask = 2147483647;
			files = (
				72807AB02C74B53500E35FE6 /* ContentView.swift in Sources */,
				72807AB22C74B53500E35FE6 /* Item.swift in Sources */,
				72807AAE2C74B53500E35FE6 /* kronosApp.swift in Sources */,
			);
			runOnlyForDeploymentPostprocessing = 0;
		};
		72807AB82C74B53700E35FE6 /* Sources */ = {
			isa = PBXSourcesBuildPhase;
			buildActionMask = 2147483647;
			files = (
				72807AC12C74B53700E35FE6 /* kronosTests.swift in Sources */,
			);
			runOnlyForDeploymentPostprocessing = 0;
		};
		72807AC22C74B53700E35FE6 /* Sources */ = {
			isa = PBXSourcesBuildPhase;
			buildActionMask = 2147483647;
			files = (
				72807ACD2C74B53700E35FE6 /* kronosUITestsLaunchTests.swift in Sources */,
				72807ACB2C74B53700E35FE6 /* kronosUITests.swift in Sources */,
			);
			runOnlyForDeploymentPostprocessing = 0;
		};
/* End PBXSourcesBuildPhase section */

/* Begin PBXTargetDependency section */
		378E8F8D2C753016007628D1 /* PBXTargetDependency */ = {
			isa = PBXTargetDependency;
			target = 378E8F7D2C753015007628D1 /* WidgetsExtension */;
			targetProxy = 378E8F8C2C753016007628D1 /* PBXContainerItemProxy */;
		};
		72807ABE2C74B53700E35FE6 /* PBXTargetDependency */ = {
			isa = PBXTargetDependency;
			target = 72807AA92C74B53500E35FE6 /* kronos */;
			targetProxy = 72807ABD2C74B53700E35FE6 /* PBXContainerItemProxy */;
		};
		72807AC82C74B53700E35FE6 /* PBXTargetDependency */ = {
			isa = PBXTargetDependency;
			target = 72807AA92C74B53500E35FE6 /* kronos */;
			targetProxy = 72807AC72C74B53700E35FE6 /* PBXContainerItemProxy */;
		};
/* End PBXTargetDependency section */

/* Begin XCBuildConfiguration section */
		378E8F902C753016007628D1 /* Debug */ = {
			isa = XCBuildConfiguration;
			buildSettings = {
				ASSETCATALOG_COMPILER_GLOBAL_ACCENT_COLOR_NAME = AccentColor;
				ASSETCATALOG_COMPILER_WIDGET_BACKGROUND_COLOR_NAME = WidgetBackground;
				CODE_SIGN_STYLE = Automatic;
				CURRENT_PROJECT_VERSION = 1;
				DEVELOPMENT_TEAM = L6R7SM63VX;
				GENERATE_INFOPLIST_FILE = YES;
				INFOPLIST_FILE = Widgets/Info.plist;
				INFOPLIST_KEY_CFBundleDisplayName = Widgets;
				INFOPLIST_KEY_NSHumanReadableCopyright = "";
				LD_RUNPATH_SEARCH_PATHS = (
					"$(inherited)",
					"@executable_path/Frameworks",
					"@executable_path/../../Frameworks",
				);
				MARKETING_VERSION = 1.0;
				PRODUCT_BUNDLE_IDENTIFIER = "com.kronos-ken.kronos.Widgets";
				PRODUCT_NAME = "$(TARGET_NAME)";
				SKIP_INSTALL = YES;
				SWIFT_EMIT_LOC_STRINGS = YES;
				SWIFT_VERSION = 5.0;
				TARGETED_DEVICE_FAMILY = "1,2";
			};
			name = Debug;
		};
		378E8F912C753016007628D1 /* Release */ = {
			isa = XCBuildConfiguration;
			buildSettings = {
				ASSETCATALOG_COMPILER_GLOBAL_ACCENT_COLOR_NAME = AccentColor;
				ASSETCATALOG_COMPILER_WIDGET_BACKGROUND_COLOR_NAME = WidgetBackground;
				CODE_SIGN_STYLE = Automatic;
				CURRENT_PROJECT_VERSION = 1;
				DEVELOPMENT_TEAM = L6R7SM63VX;
				GENERATE_INFOPLIST_FILE = YES;
				INFOPLIST_FILE = Widgets/Info.plist;
				INFOPLIST_KEY_CFBundleDisplayName = Widgets;
				INFOPLIST_KEY_NSHumanReadableCopyright = "";
				LD_RUNPATH_SEARCH_PATHS = (
					"$(inherited)",
					"@executable_path/Frameworks",
					"@executable_path/../../Frameworks",
				);
				MARKETING_VERSION = 1.0;
				PRODUCT_BUNDLE_IDENTIFIER = "com.kronos-ken.kronos.Widgets";
				PRODUCT_NAME = "$(TARGET_NAME)";
				SKIP_INSTALL = YES;
				SWIFT_EMIT_LOC_STRINGS = YES;
				SWIFT_VERSION = 5.0;
				TARGETED_DEVICE_FAMILY = "1,2";
			};
			name = Release;
		};
		72807ACE2C74B53700E35FE6 /* Debug */ = {
			isa = XCBuildConfiguration;
			buildSettings = {
				ALWAYS_SEARCH_USER_PATHS = NO;
				ASSETCATALOG_COMPILER_GENERATE_SWIFT_ASSET_SYMBOL_EXTENSIONS = YES;
				CLANG_ANALYZER_NONNULL = YES;
				CLANG_ANALYZER_NUMBER_OBJECT_CONVERSION = YES_AGGRESSIVE;
				CLANG_CXX_LANGUAGE_STANDARD = "gnu++20";
				CLANG_ENABLE_MODULES = YES;
				CLANG_ENABLE_OBJC_ARC = YES;
				CLANG_ENABLE_OBJC_WEAK = YES;
				CLANG_WARN_BLOCK_CAPTURE_AUTORELEASING = YES;
				CLANG_WARN_BOOL_CONVERSION = YES;
				CLANG_WARN_COMMA = YES;
				CLANG_WARN_CONSTANT_CONVERSION = YES;
				CLANG_WARN_DEPRECATED_OBJC_IMPLEMENTATIONS = YES;
				CLANG_WARN_DIRECT_OBJC_ISA_USAGE = YES_ERROR;
				CLANG_WARN_DOCUMENTATION_COMMENTS = YES;
				CLANG_WARN_EMPTY_BODY = YES;
				CLANG_WARN_ENUM_CONVERSION = YES;
				CLANG_WARN_INFINITE_RECURSION = YES;
				CLANG_WARN_INT_CONVERSION = YES;
				CLANG_WARN_NON_LITERAL_NULL_CONVERSION = YES;
				CLANG_WARN_OBJC_IMPLICIT_RETAIN_SELF = YES;
				CLANG_WARN_OBJC_LITERAL_CONVERSION = YES;
				CLANG_WARN_OBJC_ROOT_CLASS = YES_ERROR;
				CLANG_WARN_QUOTED_INCLUDE_IN_FRAMEWORK_HEADER = YES;
				CLANG_WARN_RANGE_LOOP_ANALYSIS = YES;
				CLANG_WARN_STRICT_PROTOTYPES = YES;
				CLANG_WARN_SUSPICIOUS_MOVE = YES;
				CLANG_WARN_UNGUARDED_AVAILABILITY = YES_AGGRESSIVE;
				CLANG_WARN_UNREACHABLE_CODE = YES;
				CLANG_WARN__DUPLICATE_METHOD_MATCH = YES;
				COPY_PHASE_STRIP = NO;
				DEBUG_INFORMATION_FORMAT = dwarf;
				ENABLE_STRICT_OBJC_MSGSEND = YES;
				ENABLE_TESTABILITY = YES;
				ENABLE_USER_SCRIPT_SANDBOXING = YES;
				GCC_C_LANGUAGE_STANDARD = gnu17;
				GCC_DYNAMIC_NO_PIC = NO;
				GCC_NO_COMMON_BLOCKS = YES;
				GCC_OPTIMIZATION_LEVEL = 0;
				GCC_PREPROCESSOR_DEFINITIONS = (
					"DEBUG=1",
					"$(inherited)",
				);
				GCC_WARN_64_TO_32_BIT_CONVERSION = YES;
				GCC_WARN_ABOUT_RETURN_TYPE = YES_ERROR;
				GCC_WARN_UNDECLARED_SELECTOR = YES;
				GCC_WARN_UNINITIALIZED_AUTOS = YES_AGGRESSIVE;
				GCC_WARN_UNUSED_FUNCTION = YES;
				GCC_WARN_UNUSED_VARIABLE = YES;
				IPHONEOS_DEPLOYMENT_TARGET = 17.5;
				LOCALIZATION_PREFERS_STRING_CATALOGS = YES;
				MTL_ENABLE_DEBUG_INFO = INCLUDE_SOURCE;
				MTL_FAST_MATH = YES;
				ONLY_ACTIVE_ARCH = YES;
				SDKROOT = iphoneos;
				SWIFT_ACTIVE_COMPILATION_CONDITIONS = "DEBUG $(inherited)";
				SWIFT_OPTIMIZATION_LEVEL = "-Onone";
			};
			name = Debug;
		};
		72807ACF2C74B53700E35FE6 /* Release */ = {
			isa = XCBuildConfiguration;
			buildSettings = {
				ALWAYS_SEARCH_USER_PATHS = NO;
				ASSETCATALOG_COMPILER_GENERATE_SWIFT_ASSET_SYMBOL_EXTENSIONS = YES;
				CLANG_ANALYZER_NONNULL = YES;
				CLANG_ANALYZER_NUMBER_OBJECT_CONVERSION = YES_AGGRESSIVE;
				CLANG_CXX_LANGUAGE_STANDARD = "gnu++20";
				CLANG_ENABLE_MODULES = YES;
				CLANG_ENABLE_OBJC_ARC = YES;
				CLANG_ENABLE_OBJC_WEAK = YES;
				CLANG_WARN_BLOCK_CAPTURE_AUTORELEASING = YES;
				CLANG_WARN_BOOL_CONVERSION = YES;
				CLANG_WARN_COMMA = YES;
				CLANG_WARN_CONSTANT_CONVERSION = YES;
				CLANG_WARN_DEPRECATED_OBJC_IMPLEMENTATIONS = YES;
				CLANG_WARN_DIRECT_OBJC_ISA_USAGE = YES_ERROR;
				CLANG_WARN_DOCUMENTATION_COMMENTS = YES;
				CLANG_WARN_EMPTY_BODY = YES;
				CLANG_WARN_ENUM_CONVERSION = YES;
				CLANG_WARN_INFINITE_RECURSION = YES;
				CLANG_WARN_INT_CONVERSION = YES;
				CLANG_WARN_NON_LITERAL_NULL_CONVERSION = YES;
				CLANG_WARN_OBJC_IMPLICIT_RETAIN_SELF = YES;
				CLANG_WARN_OBJC_LITERAL_CONVERSION = YES;
				CLANG_WARN_OBJC_ROOT_CLASS = YES_ERROR;
				CLANG_WARN_QUOTED_INCLUDE_IN_FRAMEWORK_HEADER = YES;
				CLANG_WARN_RANGE_LOOP_ANALYSIS = YES;
				CLANG_WARN_STRICT_PROTOTYPES = YES;
				CLANG_WARN_SUSPICIOUS_MOVE = YES;
				CLANG_WARN_UNGUARDED_AVAILABILITY = YES_AGGRESSIVE;
				CLANG_WARN_UNREACHABLE_CODE = YES;
				CLANG_WARN__DUPLICATE_METHOD_MATCH = YES;
				COPY_PHASE_STRIP = NO;
				DEBUG_INFORMATION_FORMAT = "dwarf-with-dsym";
				ENABLE_NS_ASSERTIONS = NO;
				ENABLE_STRICT_OBJC_MSGSEND = YES;
				ENABLE_USER_SCRIPT_SANDBOXING = YES;
				GCC_C_LANGUAGE_STANDARD = gnu17;
				GCC_NO_COMMON_BLOCKS = YES;
				GCC_WARN_64_TO_32_BIT_CONVERSION = YES;
				GCC_WARN_ABOUT_RETURN_TYPE = YES_ERROR;
				GCC_WARN_UNDECLARED_SELECTOR = YES;
				GCC_WARN_UNINITIALIZED_AUTOS = YES_AGGRESSIVE;
				GCC_WARN_UNUSED_FUNCTION = YES;
				GCC_WARN_UNUSED_VARIABLE = YES;
				IPHONEOS_DEPLOYMENT_TARGET = 17.5;
				LOCALIZATION_PREFERS_STRING_CATALOGS = YES;
				MTL_ENABLE_DEBUG_INFO = NO;
				MTL_FAST_MATH = YES;
				SDKROOT = iphoneos;
				SWIFT_COMPILATION_MODE = wholemodule;
				VALIDATE_PRODUCT = YES;
			};
			name = Release;
		};
		72807AD12C74B53700E35FE6 /* Debug */ = {
			isa = XCBuildConfiguration;
			buildSettings = {
				ALWAYS_EMBED_SWIFT_STANDARD_LIBRARIES = YES;
				ASSETCATALOG_COMPILER_APPICON_NAME = AppIcon;
				ASSETCATALOG_COMPILER_GLOBAL_ACCENT_COLOR_NAME = AccentColor;
				CODE_SIGN_STYLE = Automatic;
				CURRENT_PROJECT_VERSION = 1;
				DEVELOPMENT_ASSET_PATHS = "\"kronos/Preview Content\"";
				DEVELOPMENT_TEAM = L6R7SM63VX;
				ENABLE_PREVIEWS = YES;
				GENERATE_INFOPLIST_FILE = YES;
				INFOPLIST_KEY_UIApplicationSceneManifest_Generation = YES;
				INFOPLIST_KEY_UIApplicationSupportsIndirectInputEvents = YES;
				INFOPLIST_KEY_UILaunchScreen_Generation = YES;
				INFOPLIST_KEY_UISupportedInterfaceOrientations_iPad = "UIInterfaceOrientationPortrait UIInterfaceOrientationPortraitUpsideDown UIInterfaceOrientationLandscapeLeft UIInterfaceOrientationLandscapeRight";
				INFOPLIST_KEY_UISupportedInterfaceOrientations_iPhone = "UIInterfaceOrientationPortrait UIInterfaceOrientationLandscapeLeft UIInterfaceOrientationLandscapeRight";
				LD_RUNPATH_SEARCH_PATHS = (
					"$(inherited)",
					"@executable_path/Frameworks",
				);
				MARKETING_VERSION = 1.0;
				PRODUCT_BUNDLE_IDENTIFIER = "com.kronos-ken.kronos";
				PRODUCT_NAME = "$(TARGET_NAME)";
				SWIFT_EMIT_LOC_STRINGS = YES;
				SWIFT_VERSION = 5.0;
				TARGETED_DEVICE_FAMILY = "1,2";
			};
			name = Debug;
		};
		72807AD22C74B53700E35FE6 /* Release */ = {
			isa = XCBuildConfiguration;
			buildSettings = {
				ALWAYS_EMBED_SWIFT_STANDARD_LIBRARIES = YES;
				ASSETCATALOG_COMPILER_APPICON_NAME = AppIcon;
				ASSETCATALOG_COMPILER_GLOBAL_ACCENT_COLOR_NAME = AccentColor;
				CODE_SIGN_STYLE = Automatic;
				CURRENT_PROJECT_VERSION = 1;
				DEVELOPMENT_ASSET_PATHS = "\"kronos/Preview Content\"";
				DEVELOPMENT_TEAM = L6R7SM63VX;
				ENABLE_PREVIEWS = YES;
				GENERATE_INFOPLIST_FILE = YES;
				INFOPLIST_KEY_UIApplicationSceneManifest_Generation = YES;
				INFOPLIST_KEY_UIApplicationSupportsIndirectInputEvents = YES;
				INFOPLIST_KEY_UILaunchScreen_Generation = YES;
				INFOPLIST_KEY_UISupportedInterfaceOrientations_iPad = "UIInterfaceOrientationPortrait UIInterfaceOrientationPortraitUpsideDown UIInterfaceOrientationLandscapeLeft UIInterfaceOrientationLandscapeRight";
				INFOPLIST_KEY_UISupportedInterfaceOrientations_iPhone = "UIInterfaceOrientationPortrait UIInterfaceOrientationLandscapeLeft UIInterfaceOrientationLandscapeRight";
				LD_RUNPATH_SEARCH_PATHS = (
					"$(inherited)",
					"@executable_path/Frameworks",
				);
				MARKETING_VERSION = 1.0;
				PRODUCT_BUNDLE_IDENTIFIER = "com.kronos-ken.kronos";
				PRODUCT_NAME = "$(TARGET_NAME)";
				SWIFT_EMIT_LOC_STRINGS = YES;
				SWIFT_VERSION = 5.0;
				TARGETED_DEVICE_FAMILY = "1,2";
			};
			name = Release;
		};
		72807AD42C74B53700E35FE6 /* Debug */ = {
			isa = XCBuildConfiguration;
			buildSettings = {
				ALWAYS_EMBED_SWIFT_STANDARD_LIBRARIES = YES;
				BUNDLE_LOADER = "$(TEST_HOST)";
				CODE_SIGN_STYLE = Automatic;
				CURRENT_PROJECT_VERSION = 1;
				DEVELOPMENT_TEAM = L6R7SM63VX;
				GENERATE_INFOPLIST_FILE = YES;
				IPHONEOS_DEPLOYMENT_TARGET = 17.5;
				MARKETING_VERSION = 1.0;
				PRODUCT_BUNDLE_IDENTIFIER = "com.kronos-ken.kronosTests";
				PRODUCT_NAME = "$(TARGET_NAME)";
				SWIFT_EMIT_LOC_STRINGS = NO;
				SWIFT_VERSION = 5.0;
				TARGETED_DEVICE_FAMILY = "1,2";
				TEST_HOST = "$(BUILT_PRODUCTS_DIR)/kronos.app/$(BUNDLE_EXECUTABLE_FOLDER_PATH)/kronos";
			};
			name = Debug;
		};
		72807AD52C74B53700E35FE6 /* Release */ = {
			isa = XCBuildConfiguration;
			buildSettings = {
				ALWAYS_EMBED_SWIFT_STANDARD_LIBRARIES = YES;
				BUNDLE_LOADER = "$(TEST_HOST)";
				CODE_SIGN_STYLE = Automatic;
				CURRENT_PROJECT_VERSION = 1;
				DEVELOPMENT_TEAM = L6R7SM63VX;
				GENERATE_INFOPLIST_FILE = YES;
				IPHONEOS_DEPLOYMENT_TARGET = 17.5;
				MARKETING_VERSION = 1.0;
				PRODUCT_BUNDLE_IDENTIFIER = "com.kronos-ken.kronosTests";
				PRODUCT_NAME = "$(TARGET_NAME)";
				SWIFT_EMIT_LOC_STRINGS = NO;
				SWIFT_VERSION = 5.0;
				TARGETED_DEVICE_FAMILY = "1,2";
				TEST_HOST = "$(BUILT_PRODUCTS_DIR)/kronos.app/$(BUNDLE_EXECUTABLE_FOLDER_PATH)/kronos";
			};
			name = Release;
		};
		72807AD72C74B53700E35FE6 /* Debug */ = {
			isa = XCBuildConfiguration;
			buildSettings = {
				ALWAYS_EMBED_SWIFT_STANDARD_LIBRARIES = YES;
				CODE_SIGN_STYLE = Automatic;
				CURRENT_PROJECT_VERSION = 1;
				DEVELOPMENT_TEAM = L6R7SM63VX;
				GENERATE_INFOPLIST_FILE = YES;
				MARKETING_VERSION = 1.0;
				PRODUCT_BUNDLE_IDENTIFIER = "com.kronos-ken.kronosUITests";
				PRODUCT_NAME = "$(TARGET_NAME)";
				SWIFT_EMIT_LOC_STRINGS = NO;
				SWIFT_VERSION = 5.0;
				TARGETED_DEVICE_FAMILY = "1,2";
				TEST_TARGET_NAME = kronos;
			};
			name = Debug;
		};
		72807AD82C74B53700E35FE6 /* Release */ = {
			isa = XCBuildConfiguration;
			buildSettings = {
				ALWAYS_EMBED_SWIFT_STANDARD_LIBRARIES = YES;
				CODE_SIGN_STYLE = Automatic;
				CURRENT_PROJECT_VERSION = 1;
				DEVELOPMENT_TEAM = L6R7SM63VX;
				GENERATE_INFOPLIST_FILE = YES;
				MARKETING_VERSION = 1.0;
				PRODUCT_BUNDLE_IDENTIFIER = "com.kronos-ken.kronosUITests";
				PRODUCT_NAME = "$(TARGET_NAME)";
				SWIFT_EMIT_LOC_STRINGS = NO;
				SWIFT_VERSION = 5.0;
				TARGETED_DEVICE_FAMILY = "1,2";
				TEST_TARGET_NAME = kronos;
			};
			name = Release;
		};
/* End XCBuildConfiguration section */

/* Begin XCConfigurationList section */
		378E8F922C753016007628D1 /* Build configuration list for PBXNativeTarget "WidgetsExtension" */ = {
			isa = XCConfigurationList;
			buildConfigurations = (
				378E8F902C753016007628D1 /* Debug */,
				378E8F912C753016007628D1 /* Release */,
			);
			defaultConfigurationIsVisible = 0;
			defaultConfigurationName = Release;
		};
		72807AA52C74B53500E35FE6 /* Build configuration list for PBXProject "kronos" */ = {
			isa = XCConfigurationList;
			buildConfigurations = (
				72807ACE2C74B53700E35FE6 /* Debug */,
				72807ACF2C74B53700E35FE6 /* Release */,
			);
			defaultConfigurationIsVisible = 0;
			defaultConfigurationName = Release;
		};
		72807AD02C74B53700E35FE6 /* Build configuration list for PBXNativeTarget "kronos" */ = {
			isa = XCConfigurationList;
			buildConfigurations = (
				72807AD12C74B53700E35FE6 /* Debug */,
				72807AD22C74B53700E35FE6 /* Release */,
			);
			defaultConfigurationIsVisible = 0;
			defaultConfigurationName = Release;
		};
		72807AD32C74B53700E35FE6 /* Build configuration list for PBXNativeTarget "kronosTests" */ = {
			isa = XCConfigurationList;
			buildConfigurations = (
				72807AD42C74B53700E35FE6 /* Debug */,
				72807AD52C74B53700E35FE6 /* Release */,
			);
			defaultConfigurationIsVisible = 0;
			defaultConfigurationName = Release;
		};
		72807AD62C74B53700E35FE6 /* Build configuration list for PBXNativeTarget "kronosUITests" */ = {
			isa = XCConfigurationList;
			buildConfigurations = (
				72807AD72C74B53700E35FE6 /* Debug */,
				72807AD82C74B53700E35FE6 /* Release */,
			);
			defaultConfigurationIsVisible = 0;
			defaultConfigurationName = Release;
		};
/* End XCConfigurationList section */
	};
	rootObject = 72807AA22C74B53500E35FE6 /* Project object */;
}
