// !$*UTF8*$!
{
	archiveVersion = 1;
	classes = {
	};
	objectVersion = 56;
	objects = {

/* Begin PBXBuildFile section */
		3272EEB68D0633CE47D95425 /* Pods_kronosTests.framework in Frameworks */ = {isa = PBXBuildFile; fileRef = F3D9E31801146F4EE6CA35AF /* Pods_kronosTests.framework */; };
		72807AAE2C74B53500E35FE6 /* kronosApp.swift in Sources */ = {isa = PBXBuildFile; fileRef = 72807AAD2C74B53500E35FE6 /* kronosApp.swift */; };
		72807AB02C74B53500E35FE6 /* ContentView.swift in Sources */ = {isa = PBXBuildFile; fileRef = 72807AAF2C74B53500E35FE6 /* ContentView.swift */; };
		72807AB22C74B53500E35FE6 /* Item.swift in Sources */ = {isa = PBXBuildFile; fileRef = 72807AB12C74B53500E35FE6 /* Item.swift */; };
		72807AB42C74B53600E35FE6 /* Assets.xcassets in Resources */ = {isa = PBXBuildFile; fileRef = 72807AB32C74B53600E35FE6 /* Assets.xcassets */; };
		72807AB72C74B53600E35FE6 /* Preview Assets.xcassets in Resources */ = {isa = PBXBuildFile; fileRef = 72807AB62C74B53600E35FE6 /* Preview Assets.xcassets */; };
		72807AC12C74B53700E35FE6 /* kronosTests.swift in Sources */ = {isa = PBXBuildFile; fileRef = 72807AC02C74B53700E35FE6 /* kronosTests.swift */; };
		72807ACB2C74B53700E35FE6 /* kronosUITests.swift in Sources */ = {isa = PBXBuildFile; fileRef = 72807ACA2C74B53700E35FE6 /* kronosUITests.swift */; };
		72807ACD2C74B53700E35FE6 /* kronosUITestsLaunchTests.swift in Sources */ = {isa = PBXBuildFile; fileRef = 72807ACC2C74B53700E35FE6 /* kronosUITestsLaunchTests.swift */; };
		7287E3392C76384C0092CBD8 /* Admob.swift in Sources */ = {isa = PBXBuildFile; fileRef = 7287E3382C76384C0092CBD8 /* Admob.swift */; };
		8B17F2257971E118AC421461 /* Pods_kronos_kronosUITests.framework in Frameworks */ = {isa = PBXBuildFile; fileRef = 303DDE4691557CB852DCBBD2 /* Pods_kronos_kronosUITests.framework */; };
		BF88493ABE65F08DA8DC172A /* Pods_kronos.framework in Frameworks */ = {isa = PBXBuildFile; fileRef = 6B94DD4A73C53F604F316BE2 /* Pods_kronos.framework */; };
/* End PBXBuildFile section */

/* Begin PBXContainerItemProxy section */
		72807ABD2C74B53700E35FE6 /* PBXContainerItemProxy */ = {
			isa = PBXContainerItemProxy;
			containerPortal = 72807AA22C74B53500E35FE6 /* Project object */;
			proxyType = 1;
			remoteGlobalIDString = 72807AA92C74B53500E35FE6;
			remoteInfo = kronos;
		};
		72807AC72C74B53700E35FE6 /* PBXContainerItemProxy */ = {
			isa = PBXContainerItemProxy;
			containerPortal = 72807AA22C74B53500E35FE6 /* Project object */;
			proxyType = 1;
			remoteGlobalIDString = 72807AA92C74B53500E35FE6;
			remoteInfo = kronos;
		};
/* End PBXContainerItemProxy section */

/* Begin PBXFileReference section */
		303DDE4691557CB852DCBBD2 /* Pods_kronos_kronosUITests.framework */ = {isa = PBXFileReference; explicitFileType = wrapper.framework; includeInIndex = 0; path = Pods_kronos_kronosUITests.framework; sourceTree = BUILT_PRODUCTS_DIR; };
		49103E7BD0396E7535D74803 /* Pods-kronos-kronosUITests.debug.xcconfig */ = {isa = PBXFileReference; includeInIndex = 1; lastKnownFileType = text.xcconfig; name = "Pods-kronos-kronosUITests.debug.xcconfig"; path = "Target Support Files/Pods-kronos-kronosUITests/Pods-kronos-kronosUITests.debug.xcconfig"; sourceTree = "<group>"; };
		55D5EC60B2366133394367AE /* Pods-kronosTests.debug.xcconfig */ = {isa = PBXFileReference; includeInIndex = 1; lastKnownFileType = text.xcconfig; name = "Pods-kronosTests.debug.xcconfig"; path = "Target Support Files/Pods-kronosTests/Pods-kronosTests.debug.xcconfig"; sourceTree = "<group>"; };
		6B94DD4A73C53F604F316BE2 /* Pods_kronos.framework */ = {isa = PBXFileReference; explicitFileType = wrapper.framework; includeInIndex = 0; path = Pods_kronos.framework; sourceTree = BUILT_PRODUCTS_DIR; };
		72807AAA2C74B53500E35FE6 /* kronos.app */ = {isa = PBXFileReference; explicitFileType = wrapper.application; includeInIndex = 0; path = kronos.app; sourceTree = BUILT_PRODUCTS_DIR; };
		72807AAD2C74B53500E35FE6 /* kronosApp.swift */ = {isa = PBXFileReference; lastKnownFileType = sourcecode.swift; path = kronosApp.swift; sourceTree = "<group>"; };
		72807AAF2C74B53500E35FE6 /* ContentView.swift */ = {isa = PBXFileReference; lastKnownFileType = sourcecode.swift; path = ContentView.swift; sourceTree = "<group>"; };
		72807AB12C74B53500E35FE6 /* Item.swift */ = {isa = PBXFileReference; lastKnownFileType = sourcecode.swift; path = Item.swift; sourceTree = "<group>"; };
		72807AB32C74B53600E35FE6 /* Assets.xcassets */ = {isa = PBXFileReference; lastKnownFileType = folder.assetcatalog; path = Assets.xcassets; sourceTree = "<group>"; };
		72807AB62C74B53600E35FE6 /* Preview Assets.xcassets */ = {isa = PBXFileReference; lastKnownFileType = folder.assetcatalog; path = "Preview Assets.xcassets"; sourceTree = "<group>"; };
		72807ABC2C74B53700E35FE6 /* kronosTests.xctest */ = {isa = PBXFileReference; explicitFileType = wrapper.cfbundle; includeInIndex = 0; path = kronosTests.xctest; sourceTree = BUILT_PRODUCTS_DIR; };
		72807AC02C74B53700E35FE6 /* kronosTests.swift */ = {isa = PBXFileReference; lastKnownFileType = sourcecode.swift; path = kronosTests.swift; sourceTree = "<group>"; };
		72807AC62C74B53700E35FE6 /* kronosUITests.xctest */ = {isa = PBXFileReference; explicitFileType = wrapper.cfbundle; includeInIndex = 0; path = kronosUITests.xctest; sourceTree = BUILT_PRODUCTS_DIR; };
		72807ACA2C74B53700E35FE6 /* kronosUITests.swift */ = {isa = PBXFileReference; lastKnownFileType = sourcecode.swift; path = kronosUITests.swift; sourceTree = "<group>"; };
		72807ACC2C74B53700E35FE6 /* kronosUITestsLaunchTests.swift */ = {isa = PBXFileReference; lastKnownFileType = sourcecode.swift; path = kronosUITestsLaunchTests.swift; sourceTree = "<group>"; };
		7287E3352C7637160092CBD8 /* Info.plist */ = {isa = PBXFileReference; lastKnownFileType = text.plist; path = Info.plist; sourceTree = "<group>"; };
		7287E3382C76384C0092CBD8 /* Admob.swift */ = {isa = PBXFileReference; lastKnownFileType = sourcecode.swift; path = Admob.swift; sourceTree = "<group>"; };
		82655531A9620293B8DBE10B /* Pods-kronosTests.release.xcconfig */ = {isa = PBXFileReference; includeInIndex = 1; lastKnownFileType = text.xcconfig; name = "Pods-kronosTests.release.xcconfig"; path = "Target Support Files/Pods-kronosTests/Pods-kronosTests.release.xcconfig"; sourceTree = "<group>"; };
		E3157062BAE2CFA9B8033A64 /* Pods-kronos.release.xcconfig */ = {isa = PBXFileReference; includeInIndex = 1; lastKnownFileType = text.xcconfig; name = "Pods-kronos.release.xcconfig"; path = "Target Support Files/Pods-kronos/Pods-kronos.release.xcconfig"; sourceTree = "<group>"; };
		EDC2601D8964529E0A926A6D /* Pods-kronos-kronosUITests.release.xcconfig */ = {isa = PBXFileReference; includeInIndex = 1; lastKnownFileType = text.xcconfig; name = "Pods-kronos-kronosUITests.release.xcconfig"; path = "Target Support Files/Pods-kronos-kronosUITests/Pods-kronos-kronosUITests.release.xcconfig"; sourceTree = "<group>"; };
		F3D9E31801146F4EE6CA35AF /* Pods_kronosTests.framework */ = {isa = PBXFileReference; explicitFileType = wrapper.framework; includeInIndex = 0; path = Pods_kronosTests.framework; sourceTree = BUILT_PRODUCTS_DIR; };
		F66A2FDEA30072016F545A12 /* Pods-kronos.debug.xcconfig */ = {isa = PBXFileReference; includeInIndex = 1; lastKnownFileType = text.xcconfig; name = "Pods-kronos.debug.xcconfig"; path = "Target Support Files/Pods-kronos/Pods-kronos.debug.xcconfig"; sourceTree = "<group>"; };
/* End PBXFileReference section */

/* Begin PBXFrameworksBuildPhase section */
		72807AA72C74B53500E35FE6 /* Frameworks */ = {
			isa = PBXFrameworksBuildPhase;
			buildActionMask = 2147483647;
			files = (
				BF88493ABE65F08DA8DC172A /* Pods_kronos.framework in Frameworks */,
			);
			runOnlyForDeploymentPostprocessing = 0;
		};
		72807AB92C74B53700E35FE6 /* Frameworks */ = {
			isa = PBXFrameworksBuildPhase;
			buildActionMask = 2147483647;
			files = (
				3272EEB68D0633CE47D95425 /* Pods_kronosTests.framework in Frameworks */,
			);
			runOnlyForDeploymentPostprocessing = 0;
		};
		72807AC32C74B53700E35FE6 /* Frameworks */ = {
			isa = PBXFrameworksBuildPhase;
			buildActionMask = 2147483647;
			files = (
				8B17F2257971E118AC421461 /* Pods_kronos_kronosUITests.framework in Frameworks */,
			);
			runOnlyForDeploymentPostprocessing = 0;
		};
/* End PBXFrameworksBuildPhase section */

/* Begin PBXGroup section */
		0596AA1A3DCA6EE6E0181196 /* Frameworks */ = {
			isa = PBXGroup;
			children = (
				6B94DD4A73C53F604F316BE2 /* Pods_kronos.framework */,
				303DDE4691557CB852DCBBD2 /* Pods_kronos_kronosUITests.framework */,
				F3D9E31801146F4EE6CA35AF /* Pods_kronosTests.framework */,
			);
			name = Frameworks;
			sourceTree = "<group>";
		};
		72807AA12C74B53500E35FE6 = {
			isa = PBXGroup;
			children = (
				72807AAC2C74B53500E35FE6 /* kronos */,
				72807ABF2C74B53700E35FE6 /* kronosTests */,
				72807AC92C74B53700E35FE6 /* kronosUITests */,
				72807AAB2C74B53500E35FE6 /* Products */,
				CC43E8AE555FB608EC9999C1 /* Pods */,
				0596AA1A3DCA6EE6E0181196 /* Frameworks */,
			);
			sourceTree = "<group>";
		};
		72807AAB2C74B53500E35FE6 /* Products */ = {
			isa = PBXGroup;
			children = (
				72807AAA2C74B53500E35FE6 /* kronos.app */,
				72807ABC2C74B53700E35FE6 /* kronosTests.xctest */,
				72807AC62C74B53700E35FE6 /* kronosUITests.xctest */,
			);
			name = Products;
			sourceTree = "<group>";
		};
		72807AAC2C74B53500E35FE6 /* kronos */ = {
			isa = PBXGroup;
			children = (
				7287E3352C7637160092CBD8 /* Info.plist */,
				72807AAD2C74B53500E35FE6 /* kronosApp.swift */,
				72807AAF2C74B53500E35FE6 /* ContentView.swift */,
				72807AB12C74B53500E35FE6 /* Item.swift */,
				72807AB32C74B53600E35FE6 /* Assets.xcassets */,
				72807AB52C74B53600E35FE6 /* Preview Content */,
				7287E3382C76384C0092CBD8 /* Admob.swift */,
			);
			path = kronos;
			sourceTree = "<group>";
		};
		72807AB52C74B53600E35FE6 /* Preview Content */ = {
			isa = PBXGroup;
			children = (
				72807AB62C74B53600E35FE6 /* Preview Assets.xcassets */,
			);
			path = "Preview Content";
			sourceTree = "<group>";
		};
		72807ABF2C74B53700E35FE6 /* kronosTests */ = {
			isa = PBXGroup;
			children = (
				72807AC02C74B53700E35FE6 /* kronosTests.swift */,
			);
			path = kronosTests;
			sourceTree = "<group>";
		};
		72807AC92C74B53700E35FE6 /* kronosUITests */ = {
			isa = PBXGroup;
			children = (
				72807ACA2C74B53700E35FE6 /* kronosUITests.swift */,
				72807ACC2C74B53700E35FE6 /* kronosUITestsLaunchTests.swift */,
			);
			path = kronosUITests;
			sourceTree = "<group>";
		};
		CC43E8AE555FB608EC9999C1 /* Pods */ = {
			isa = PBXGroup;
			children = (
				F66A2FDEA30072016F545A12 /* Pods-kronos.debug.xcconfig */,
				E3157062BAE2CFA9B8033A64 /* Pods-kronos.release.xcconfig */,
				49103E7BD0396E7535D74803 /* Pods-kronos-kronosUITests.debug.xcconfig */,
				EDC2601D8964529E0A926A6D /* Pods-kronos-kronosUITests.release.xcconfig */,
				55D5EC60B2366133394367AE /* Pods-kronosTests.debug.xcconfig */,
				82655531A9620293B8DBE10B /* Pods-kronosTests.release.xcconfig */,
			);
			path = Pods;
			sourceTree = "<group>";
		};
/* End PBXGroup section */

/* Begin PBXNativeTarget section */
		72807AA92C74B53500E35FE6 /* kronos */ = {
			isa = PBXNativeTarget;
			buildConfigurationList = 72807AD02C74B53700E35FE6 /* Build configuration list for PBXNativeTarget "kronos" */;
			buildPhases = (
				BF45224EA5E29A4D1303653B /* [CP] Check Pods Manifest.lock */,
				72807AA62C74B53500E35FE6 /* Sources */,
				72807AA72C74B53500E35FE6 /* Frameworks */,
				72807AA82C74B53500E35FE6 /* Resources */,
			);
			buildRules = (
			);
			dependencies = (
			);
			name = kronos;
			productName = kronos;
			productReference = 72807AAA2C74B53500E35FE6 /* kronos.app */;
			productType = "com.apple.product-type.application";
		};
		72807ABB2C74B53700E35FE6 /* kronosTests */ = {
			isa = PBXNativeTarget;
			buildConfigurationList = 72807AD32C74B53700E35FE6 /* Build configuration list for PBXNativeTarget "kronosTests" */;
			buildPhases = (
				87AA06CC73744227FC46555C /* [CP] Check Pods Manifest.lock */,
				72807AB82C74B53700E35FE6 /* Sources */,
				72807AB92C74B53700E35FE6 /* Frameworks */,
				72807ABA2C74B53700E35FE6 /* Resources */,
			);
			buildRules = (
			);
			dependencies = (
				72807ABE2C74B53700E35FE6 /* PBXTargetDependency */,
			);
			name = kronosTests;
			productName = kronosTests;
			productReference = 72807ABC2C74B53700E35FE6 /* kronosTests.xctest */;
			productType = "com.apple.product-type.bundle.unit-test";
		};
		72807AC52C74B53700E35FE6 /* kronosUITests */ = {
			isa = PBXNativeTarget;
			buildConfigurationList = 72807AD62C74B53700E35FE6 /* Build configuration list for PBXNativeTarget "kronosUITests" */;
			buildPhases = (
				7D9B28AD2A74B9E537E81CC5 /* [CP] Check Pods Manifest.lock */,
				72807AC22C74B53700E35FE6 /* Sources */,
				72807AC32C74B53700E35FE6 /* Frameworks */,
				72807AC42C74B53700E35FE6 /* Resources */,
			);
			buildRules = (
			);
			dependencies = (
				72807AC82C74B53700E35FE6 /* PBXTargetDependency */,
			);
			name = kronosUITests;
			productName = kronosUITests;
			productReference = 72807AC62C74B53700E35FE6 /* kronosUITests.xctest */;
			productType = "com.apple.product-type.bundle.ui-testing";
		};
/* End PBXNativeTarget section */

/* Begin PBXProject section */
		72807AA22C74B53500E35FE6 /* Project object */ = {
			isa = PBXProject;
			attributes = {
				BuildIndependentTargetsInParallel = 1;
				LastSwiftUpdateCheck = 1540;
				LastUpgradeCheck = 1540;
				TargetAttributes = {
					72807AA92C74B53500E35FE6 = {
						CreatedOnToolsVersion = 15.4;
					};
					72807ABB2C74B53700E35FE6 = {
						CreatedOnToolsVersion = 15.4;
						TestTargetID = 72807AA92C74B53500E35FE6;
					};
					72807AC52C74B53700E35FE6 = {
						CreatedOnToolsVersion = 15.4;
						TestTargetID = 72807AA92C74B53500E35FE6;
					};
				};
			};
			buildConfigurationList = 72807AA52C74B53500E35FE6 /* Build configuration list for PBXProject "kronos" */;
			compatibilityVersion = "Xcode 14.0";
			developmentRegion = en;
			hasScannedForEncodings = 0;
			knownRegions = (
				en,
				Base,
			);
			mainGroup = 72807AA12C74B53500E35FE6;
			productRefGroup = 72807AAB2C74B53500E35FE6 /* Products */;
			projectDirPath = "";
			projectRoot = "";
			targets = (
				72807AA92C74B53500E35FE6 /* kronos */,
				72807ABB2C74B53700E35FE6 /* kronosTests */,
				72807AC52C74B53700E35FE6 /* kronosUITests */,
			);
		};
/* End PBXProject section */

/* Begin PBXResourcesBuildPhase section */
		72807AA82C74B53500E35FE6 /* Resources */ = {
			isa = PBXResourcesBuildPhase;
			buildActionMask = 2147483647;
			files = (
				72807AB72C74B53600E35FE6 /* Preview Assets.xcassets in Resources */,
				72807AB42C74B53600E35FE6 /* Assets.xcassets in Resources */,
			);
			runOnlyForDeploymentPostprocessing = 0;
		};
		72807ABA2C74B53700E35FE6 /* Resources */ = {
			isa = PBXResourcesBuildPhase;
			buildActionMask = 2147483647;
			files = (
			);
			runOnlyForDeploymentPostprocessing = 0;
		};
		72807AC42C74B53700E35FE6 /* Resources */ = {
			isa = PBXResourcesBuildPhase;
			buildActionMask = 2147483647;
			files = (
			);
			runOnlyForDeploymentPostprocessing = 0;
		};
/* End PBXResourcesBuildPhase section */

/* Begin PBXShellScriptBuildPhase section */
		7D9B28AD2A74B9E537E81CC5 /* [CP] Check Pods Manifest.lock */ = {
			isa = PBXShellScriptBuildPhase;
			buildActionMask = 2147483647;
			files = (
			);
			inputFileListPaths = (
			);
			inputPaths = (
				"${PODS_PODFILE_DIR_PATH}/Podfile.lock",
				"${PODS_ROOT}/Manifest.lock",
			);
			name = "[CP] Check Pods Manifest.lock";
			outputFileListPaths = (
			);
			outputPaths = (
				"$(DERIVED_FILE_DIR)/Pods-kronos-kronosUITests-checkManifestLockResult.txt",
			);
			runOnlyForDeploymentPostprocessing = 0;
			shellPath = /bin/sh;
			shellScript = "diff \"${PODS_PODFILE_DIR_PATH}/Podfile.lock\" \"${PODS_ROOT}/Manifest.lock\" > /dev/null\nif [ $? != 0 ] ; then\n    # print error to STDERR\n    echo \"error: The sandbox is not in sync with the Podfile.lock. Run 'pod install' or update your CocoaPods installation.\" >&2\n    exit 1\nfi\n# This output is used by Xcode 'outputs' to avoid re-running this script phase.\necho \"SUCCESS\" > \"${SCRIPT_OUTPUT_FILE_0}\"\n";
			showEnvVarsInLog = 0;
		};
		87AA06CC73744227FC46555C /* [CP] Check Pods Manifest.lock */ = {
			isa = PBXShellScriptBuildPhase;
			buildActionMask = 2147483647;
			files = (
			);
			inputFileListPaths = (
			);
			inputPaths = (
				"${PODS_PODFILE_DIR_PATH}/Podfile.lock",
				"${PODS_ROOT}/Manifest.lock",
			);
			name = "[CP] Check Pods Manifest.lock";
			outputFileListPaths = (
			);
			outputPaths = (
				"$(DERIVED_FILE_DIR)/Pods-kronosTests-checkManifestLockResult.txt",
			);
			runOnlyForDeploymentPostprocessing = 0;
			shellPath = /bin/sh;
			shellScript = "diff \"${PODS_PODFILE_DIR_PATH}/Podfile.lock\" \"${PODS_ROOT}/Manifest.lock\" > /dev/null\nif [ $? != 0 ] ; then\n    # print error to STDERR\n    echo \"error: The sandbox is not in sync with the Podfile.lock. Run 'pod install' or update your CocoaPods installation.\" >&2\n    exit 1\nfi\n# This output is used by Xcode 'outputs' to avoid re-running this script phase.\necho \"SUCCESS\" > \"${SCRIPT_OUTPUT_FILE_0}\"\n";
			showEnvVarsInLog = 0;
		};
		BF45224EA5E29A4D1303653B /* [CP] Check Pods Manifest.lock */ = {
			isa = PBXShellScriptBuildPhase;
			buildActionMask = 2147483647;
			files = (
			);
			inputFileListPaths = (
			);
			inputPaths = (
				"${PODS_PODFILE_DIR_PATH}/Podfile.lock",
				"${PODS_ROOT}/Manifest.lock",
			);
			name = "[CP] Check Pods Manifest.lock";
			outputFileListPaths = (
			);
			outputPaths = (
				"$(DERIVED_FILE_DIR)/Pods-kronos-checkManifestLockResult.txt",
			);
			runOnlyForDeploymentPostprocessing = 0;
			shellPath = /bin/sh;
			shellScript = "diff \"${PODS_PODFILE_DIR_PATH}/Podfile.lock\" \"${PODS_ROOT}/Manifest.lock\" > /dev/null\nif [ $? != 0 ] ; then\n    # print error to STDERR\n    echo \"error: The sandbox is not in sync with the Podfile.lock. Run 'pod install' or update your CocoaPods installation.\" >&2\n    exit 1\nfi\n# This output is used by Xcode 'outputs' to avoid re-running this script phase.\necho \"SUCCESS\" > \"${SCRIPT_OUTPUT_FILE_0}\"\n";
			showEnvVarsInLog = 0;
		};
/* End PBXShellScriptBuildPhase section */

/* Begin PBXSourcesBuildPhase section */
		72807AA62C74B53500E35FE6 /* Sources */ = {
			isa = PBXSourcesBuildPhase;
			buildActionMask = 2147483647;
			files = (
				72807AB02C74B53500E35FE6 /* ContentView.swift in Sources */,
				7287E3392C76384C0092CBD8 /* Admob.swift in Sources */,
				72807AB22C74B53500E35FE6 /* Item.swift in Sources */,
				72807AAE2C74B53500E35FE6 /* kronosApp.swift in Sources */,
			);
			runOnlyForDeploymentPostprocessing = 0;
		};
		72807AB82C74B53700E35FE6 /* Sources */ = {
			isa = PBXSourcesBuildPhase;
			buildActionMask = 2147483647;
			files = (
				72807AC12C74B53700E35FE6 /* kronosTests.swift in Sources */,
			);
			runOnlyForDeploymentPostprocessing = 0;
		};
		72807AC22C74B53700E35FE6 /* Sources */ = {
			isa = PBXSourcesBuildPhase;
			buildActionMask = 2147483647;
			files = (
				72807ACD2C74B53700E35FE6 /* kronosUITestsLaunchTests.swift in Sources */,
				72807ACB2C74B53700E35FE6 /* kronosUITests.swift in Sources */,
			);
			runOnlyForDeploymentPostprocessing = 0;
		};
/* End PBXSourcesBuildPhase section */

/* Begin PBXTargetDependency section */
		72807ABE2C74B53700E35FE6 /* PBXTargetDependency */ = {
			isa = PBXTargetDependency;
			target = 72807AA92C74B53500E35FE6 /* kronos */;
			targetProxy = 72807ABD2C74B53700E35FE6 /* PBXContainerItemProxy */;
		};
		72807AC82C74B53700E35FE6 /* PBXTargetDependency */ = {
			isa = PBXTargetDependency;
			target = 72807AA92C74B53500E35FE6 /* kronos */;
			targetProxy = 72807AC72C74B53700E35FE6 /* PBXContainerItemProxy */;
		};
/* End PBXTargetDependency section */

/* Begin XCBuildConfiguration section */
		72807ACE2C74B53700E35FE6 /* Debug */ = {
			isa = XCBuildConfiguration;
			buildSettings = {
				ALWAYS_SEARCH_USER_PATHS = NO;
				ASSETCATALOG_COMPILER_GENERATE_SWIFT_ASSET_SYMBOL_EXTENSIONS = YES;
				CLANG_ANALYZER_NONNULL = YES;
				CLANG_ANALYZER_NUMBER_OBJECT_CONVERSION = YES_AGGRESSIVE;
				CLANG_CXX_LANGUAGE_STANDARD = "gnu++20";
				CLANG_ENABLE_MODULES = YES;
				CLANG_ENABLE_OBJC_ARC = YES;
				CLANG_ENABLE_OBJC_WEAK = YES;
				CLANG_WARN_BLOCK_CAPTURE_AUTORELEASING = YES;
				CLANG_WARN_BOOL_CONVERSION = YES;
				CLANG_WARN_COMMA = YES;
				CLANG_WARN_CONSTANT_CONVERSION = YES;
				CLANG_WARN_DEPRECATED_OBJC_IMPLEMENTATIONS = YES;
				CLANG_WARN_DIRECT_OBJC_ISA_USAGE = YES_ERROR;
				CLANG_WARN_DOCUMENTATION_COMMENTS = YES;
				CLANG_WARN_EMPTY_BODY = YES;
				CLANG_WARN_ENUM_CONVERSION = YES;
				CLANG_WARN_INFINITE_RECURSION = YES;
				CLANG_WARN_INT_CONVERSION = YES;
				CLANG_WARN_NON_LITERAL_NULL_CONVERSION = YES;
				CLANG_WARN_OBJC_IMPLICIT_RETAIN_SELF = YES;
				CLANG_WARN_OBJC_LITERAL_CONVERSION = YES;
				CLANG_WARN_OBJC_ROOT_CLASS = YES_ERROR;
				CLANG_WARN_QUOTED_INCLUDE_IN_FRAMEWORK_HEADER = YES;
				CLANG_WARN_RANGE_LOOP_ANALYSIS = YES;
				CLANG_WARN_STRICT_PROTOTYPES = YES;
				CLANG_WARN_SUSPICIOUS_MOVE = YES;
				CLANG_WARN_UNGUARDED_AVAILABILITY = YES_AGGRESSIVE;
				CLANG_WARN_UNREACHABLE_CODE = YES;
				CLANG_WARN__DUPLICATE_METHOD_MATCH = YES;
				COPY_PHASE_STRIP = NO;
				DEBUG_INFORMATION_FORMAT = dwarf;
				ENABLE_STRICT_OBJC_MSGSEND = YES;
				ENABLE_TESTABILITY = YES;
				ENABLE_USER_SCRIPT_SANDBOXING = YES;
				GCC_C_LANGUAGE_STANDARD = gnu17;
				GCC_DYNAMIC_NO_PIC = NO;
				GCC_NO_COMMON_BLOCKS = YES;
				GCC_OPTIMIZATION_LEVEL = 0;
				GCC_PREPROCESSOR_DEFINITIONS = (
					"DEBUG=1",
					"$(inherited)",
				);
				GCC_WARN_64_TO_32_BIT_CONVERSION = YES;
				GCC_WARN_ABOUT_RETURN_TYPE = YES_ERROR;
				GCC_WARN_UNDECLARED_SELECTOR = YES;
				GCC_WARN_UNINITIALIZED_AUTOS = YES_AGGRESSIVE;
				GCC_WARN_UNUSED_FUNCTION = YES;
				GCC_WARN_UNUSED_VARIABLE = YES;
				IPHONEOS_DEPLOYMENT_TARGET = 17.5;
				LOCALIZATION_PREFERS_STRING_CATALOGS = YES;
				MTL_ENABLE_DEBUG_INFO = INCLUDE_SOURCE;
				MTL_FAST_MATH = YES;
				ONLY_ACTIVE_ARCH = YES;
				SDKROOT = iphoneos;
				SWIFT_ACTIVE_COMPILATION_CONDITIONS = "DEBUG $(inherited)";
				SWIFT_OPTIMIZATION_LEVEL = "-Onone";
			};
			name = Debug;
		};
		72807ACF2C74B53700E35FE6 /* Release */ = {
			isa = XCBuildConfiguration;
			buildSettings = {
				ALWAYS_SEARCH_USER_PATHS = NO;
				ASSETCATALOG_COMPILER_GENERATE_SWIFT_ASSET_SYMBOL_EXTENSIONS = YES;
				CLANG_ANALYZER_NONNULL = YES;
				CLANG_ANALYZER_NUMBER_OBJECT_CONVERSION = YES_AGGRESSIVE;
				CLANG_CXX_LANGUAGE_STANDARD = "gnu++20";
				CLANG_ENABLE_MODULES = YES;
				CLANG_ENABLE_OBJC_ARC = YES;
				CLANG_ENABLE_OBJC_WEAK = YES;
				CLANG_WARN_BLOCK_CAPTURE_AUTORELEASING = YES;
				CLANG_WARN_BOOL_CONVERSION = YES;
				CLANG_WARN_COMMA = YES;
				CLANG_WARN_CONSTANT_CONVERSION = YES;
				CLANG_WARN_DEPRECATED_OBJC_IMPLEMENTATIONS = YES;
				CLANG_WARN_DIRECT_OBJC_ISA_USAGE = YES_ERROR;
				CLANG_WARN_DOCUMENTATION_COMMENTS = YES;
				CLANG_WARN_EMPTY_BODY = YES;
				CLANG_WARN_ENUM_CONVERSION = YES;
				CLANG_WARN_INFINITE_RECURSION = YES;
				CLANG_WARN_INT_CONVERSION = YES;
				CLANG_WARN_NON_LITERAL_NULL_CONVERSION = YES;
				CLANG_WARN_OBJC_IMPLICIT_RETAIN_SELF = YES;
				CLANG_WARN_OBJC_LITERAL_CONVERSION = YES;
				CLANG_WARN_OBJC_ROOT_CLASS = YES_ERROR;
				CLANG_WARN_QUOTED_INCLUDE_IN_FRAMEWORK_HEADER = YES;
				CLANG_WARN_RANGE_LOOP_ANALYSIS = YES;
				CLANG_WARN_STRICT_PROTOTYPES = YES;
				CLANG_WARN_SUSPICIOUS_MOVE = YES;
				CLANG_WARN_UNGUARDED_AVAILABILITY = YES_AGGRESSIVE;
				CLANG_WARN_UNREACHABLE_CODE = YES;
				CLANG_WARN__DUPLICATE_METHOD_MATCH = YES;
				COPY_PHASE_STRIP = NO;
				DEBUG_INFORMATION_FORMAT = "dwarf-with-dsym";
				ENABLE_NS_ASSERTIONS = NO;
				ENABLE_STRICT_OBJC_MSGSEND = YES;
				ENABLE_USER_SCRIPT_SANDBOXING = YES;
				GCC_C_LANGUAGE_STANDARD = gnu17;
				GCC_NO_COMMON_BLOCKS = YES;
				GCC_WARN_64_TO_32_BIT_CONVERSION = YES;
				GCC_WARN_ABOUT_RETURN_TYPE = YES_ERROR;
				GCC_WARN_UNDECLARED_SELECTOR = YES;
				GCC_WARN_UNINITIALIZED_AUTOS = YES_AGGRESSIVE;
				GCC_WARN_UNUSED_FUNCTION = YES;
				GCC_WARN_UNUSED_VARIABLE = YES;
				IPHONEOS_DEPLOYMENT_TARGET = 17.5;
				LOCALIZATION_PREFERS_STRING_CATALOGS = YES;
				MTL_ENABLE_DEBUG_INFO = NO;
				MTL_FAST_MATH = YES;
				SDKROOT = iphoneos;
				SWIFT_COMPILATION_MODE = wholemodule;
				VALIDATE_PRODUCT = YES;
			};
			name = Release;
		};
		72807AD12C74B53700E35FE6 /* Debug */ = {
			isa = XCBuildConfiguration;
			baseConfigurationReference = F66A2FDEA30072016F545A12 /* Pods-kronos.debug.xcconfig */;
			buildSettings = {
				ASSETCATALOG_COMPILER_APPICON_NAME = AppIcon;
				ASSETCATALOG_COMPILER_GLOBAL_ACCENT_COLOR_NAME = AccentColor;
				CODE_SIGN_STYLE = Automatic;
				CURRENT_PROJECT_VERSION = 1;
				DEVELOPMENT_ASSET_PATHS = "\"kronos/Preview Content\"";
				DEVELOPMENT_TEAM = SDCTHQR6AD;
				ENABLE_PREVIEWS = YES;
				ENABLE_USER_SCRIPT_SANDBOXING = NO;
				GENERATE_INFOPLIST_FILE = YES;
				INFOPLIST_FILE = kronos/Info.plist;
				INFOPLIST_KEY_UIApplicationSceneManifest_Generation = YES;
				INFOPLIST_KEY_UIApplicationSupportsIndirectInputEvents = YES;
				INFOPLIST_KEY_UILaunchScreen_Generation = YES;
				INFOPLIST_KEY_UISupportedInterfaceOrientations_iPad = "UIInterfaceOrientationPortrait UIInterfaceOrientationPortraitUpsideDown UIInterfaceOrientationLandscapeLeft UIInterfaceOrientationLandscapeRight";
				INFOPLIST_KEY_UISupportedInterfaceOrientations_iPhone = "UIInterfaceOrientationPortrait UIInterfaceOrientationLandscapeLeft UIInterfaceOrientationLandscapeRight";
				LD_RUNPATH_SEARCH_PATHS = (
					"$(inherited)",
					"@executable_path/Frameworks",
				);
				MARKETING_VERSION = 1.0;
				PRODUCT_BUNDLE_IDENTIFIER = com.kronos.0822;
				PRODUCT_NAME = "$(TARGET_NAME)";
				SWIFT_EMIT_LOC_STRINGS = YES;
				SWIFT_VERSION = 5.0;
				TARGETED_DEVICE_FAMILY = "1,2";
			};
			name = Debug;
		};
		72807AD22C74B53700E35FE6 /* Release */ = {
			isa = XCBuildConfiguration;
			baseConfigurationReference = E3157062BAE2CFA9B8033A64 /* Pods-kronos.release.xcconfig */;
			buildSettings = {
				ASSETCATALOG_COMPILER_APPICON_NAME = AppIcon;
				ASSETCATALOG_COMPILER_GLOBAL_ACCENT_COLOR_NAME = AccentColor;
				CODE_SIGN_STYLE = Automatic;
				CURRENT_PROJECT_VERSION = 1;
				DEVELOPMENT_ASSET_PATHS = "\"kronos/Preview Content\"";
				DEVELOPMENT_TEAM = SDCTHQR6AD;
				ENABLE_PREVIEWS = YES;
				ENABLE_USER_SCRIPT_SANDBOXING = NO;
				GENERATE_INFOPLIST_FILE = YES;
				INFOPLIST_FILE = kronos/Info.plist;
				INFOPLIST_KEY_UIApplicationSceneManifest_Generation = YES;
				INFOPLIST_KEY_UIApplicationSupportsIndirectInputEvents = YES;
				INFOPLIST_KEY_UILaunchScreen_Generation = YES;
				INFOPLIST_KEY_UISupportedInterfaceOrientations_iPad = "UIInterfaceOrientationPortrait UIInterfaceOrientationPortraitUpsideDown UIInterfaceOrientationLandscapeLeft UIInterfaceOrientationLandscapeRight";
				INFOPLIST_KEY_UISupportedInterfaceOrientations_iPhone = "UIInterfaceOrientationPortrait UIInterfaceOrientationLandscapeLeft UIInterfaceOrientationLandscapeRight";
				LD_RUNPATH_SEARCH_PATHS = (
					"$(inherited)",
					"@executable_path/Frameworks",
				);
				MARKETING_VERSION = 1.0;
				PRODUCT_BUNDLE_IDENTIFIER = com.kronos.0822;
				PRODUCT_NAME = "$(TARGET_NAME)";
				SWIFT_EMIT_LOC_STRINGS = YES;
				SWIFT_VERSION = 5.0;
				TARGETED_DEVICE_FAMILY = "1,2";
			};
			name = Release;
		};
		72807AD42C74B53700E35FE6 /* Debug */ = {
			isa = XCBuildConfiguration;
			baseConfigurationReference = 55D5EC60B2366133394367AE /* Pods-kronosTests.debug.xcconfig */;
			buildSettings = {
				ALWAYS_EMBED_SWIFT_STANDARD_LIBRARIES = YES;
				BUNDLE_LOADER = "$(TEST_HOST)";
				CODE_SIGN_STYLE = Automatic;
				CURRENT_PROJECT_VERSION = 1;
				ENABLE_USER_SCRIPT_SANDBOXING = NO;
				GENERATE_INFOPLIST_FILE = YES;
				IPHONEOS_DEPLOYMENT_TARGET = 17.5;
				MARKETING_VERSION = 1.0;
				PRODUCT_BUNDLE_IDENTIFIER = com.kronos.kronosTests;
				PRODUCT_NAME = "$(TARGET_NAME)";
				SWIFT_EMIT_LOC_STRINGS = NO;
				SWIFT_VERSION = 5.0;
				TARGETED_DEVICE_FAMILY = "1,2";
				TEST_HOST = "$(BUILT_PRODUCTS_DIR)/kronos.app/$(BUNDLE_EXECUTABLE_FOLDER_PATH)/kronos";
			};
			name = Debug;
		};
		72807AD52C74B53700E35FE6 /* Release */ = {
			isa = XCBuildConfiguration;
			baseConfigurationReference = 82655531A9620293B8DBE10B /* Pods-kronosTests.release.xcconfig */;
			buildSettings = {
				ALWAYS_EMBED_SWIFT_STANDARD_LIBRARIES = YES;
				BUNDLE_LOADER = "$(TEST_HOST)";
				CODE_SIGN_STYLE = Automatic;
				CURRENT_PROJECT_VERSION = 1;
				ENABLE_USER_SCRIPT_SANDBOXING = NO;
				GENERATE_INFOPLIST_FILE = YES;
				IPHONEOS_DEPLOYMENT_TARGET = 17.5;
				MARKETING_VERSION = 1.0;
				PRODUCT_BUNDLE_IDENTIFIER = com.kronos.kronosTests;
				PRODUCT_NAME = "$(TARGET_NAME)";
				SWIFT_EMIT_LOC_STRINGS = NO;
				SWIFT_VERSION = 5.0;
				TARGETED_DEVICE_FAMILY = "1,2";
				TEST_HOST = "$(BUILT_PRODUCTS_DIR)/kronos.app/$(BUNDLE_EXECUTABLE_FOLDER_PATH)/kronos";
			};
			name = Release;
		};
		72807AD72C74B53700E35FE6 /* Debug */ = {
			isa = XCBuildConfiguration;
			baseConfigurationReference = 49103E7BD0396E7535D74803 /* Pods-kronos-kronosUITests.debug.xcconfig */;
			buildSettings = {
				ALWAYS_EMBED_SWIFT_STANDARD_LIBRARIES = YES;
				CODE_SIGN_STYLE = Automatic;
				CURRENT_PROJECT_VERSION = 1;
				ENABLE_USER_SCRIPT_SANDBOXING = NO;
				GENERATE_INFOPLIST_FILE = YES;
				MARKETING_VERSION = 1.0;
				PRODUCT_BUNDLE_IDENTIFIER = com.kronos.kronosUITests;
				PRODUCT_NAME = "$(TARGET_NAME)";
				SWIFT_EMIT_LOC_STRINGS = NO;
				SWIFT_VERSION = 5.0;
				TARGETED_DEVICE_FAMILY = "1,2";
				TEST_TARGET_NAME = kronos;
			};
			name = Debug;
		};
		72807AD82C74B53700E35FE6 /* Release */ = {
			isa = XCBuildConfiguration;
			baseConfigurationReference = EDC2601D8964529E0A926A6D /* Pods-kronos-kronosUITests.release.xcconfig */;
			buildSettings = {
				ALWAYS_EMBED_SWIFT_STANDARD_LIBRARIES = YES;
				CODE_SIGN_STYLE = Automatic;
				CURRENT_PROJECT_VERSION = 1;
				ENABLE_USER_SCRIPT_SANDBOXING = NO;
				GENERATE_INFOPLIST_FILE = YES;
				MARKETING_VERSION = 1.0;
				PRODUCT_BUNDLE_IDENTIFIER = com.kronos.kronosUITests;
				PRODUCT_NAME = "$(TARGET_NAME)";
				SWIFT_EMIT_LOC_STRINGS = NO;
				SWIFT_VERSION = 5.0;
				TARGETED_DEVICE_FAMILY = "1,2";
				TEST_TARGET_NAME = kronos;
			};
			name = Release;
		};
/* End XCBuildConfiguration section */

/* Begin XCConfigurationList section */
		72807AA52C74B53500E35FE6 /* Build configuration list for PBXProject "kronos" */ = {
			isa = XCConfigurationList;
			buildConfigurations = (
				72807ACE2C74B53700E35FE6 /* Debug */,
				72807ACF2C74B53700E35FE6 /* Release */,
			);
			defaultConfigurationIsVisible = 0;
			defaultConfigurationName = Release;
		};
		72807AD02C74B53700E35FE6 /* Build configuration list for PBXNativeTarget "kronos" */ = {
			isa = XCConfigurationList;
			buildConfigurations = (
				72807AD12C74B53700E35FE6 /* Debug */,
				72807AD22C74B53700E35FE6 /* Release */,
			);
			defaultConfigurationIsVisible = 0;
			defaultConfigurationName = Release;
		};
		72807AD32C74B53700E35FE6 /* Build configuration list for PBXNativeTarget "kronosTests" */ = {
			isa = XCConfigurationList;
			buildConfigurations = (
				72807AD42C74B53700E35FE6 /* Debug */,
				72807AD52C74B53700E35FE6 /* Release */,
			);
			defaultConfigurationIsVisible = 0;
			defaultConfigurationName = Release;
		};
		72807AD62C74B53700E35FE6 /* Build configuration list for PBXNativeTarget "kronosUITests" */ = {
			isa = XCConfigurationList;
			buildConfigurations = (
				72807AD72C74B53700E35FE6 /* Debug */,
				72807AD82C74B53700E35FE6 /* Release */,
			);
			defaultConfigurationIsVisible = 0;
			defaultConfigurationName = Release;
		};
/* End XCConfigurationList section */
	};
	rootObject = 72807AA22C74B53500E35FE6 /* Project object */;
}
